# @generated by Move, please check-in and do not edit manually.

[move]
version = 3
manifest_digest = "3D963D68A02C79E7D2EBF0A7E8C5E6F4C44F5208216DE0C7F12E260C5259B569"
deps_digest = "F8BBB0CCB2491CA29A3DF03D6F92277A4F3574266507ACD77214D37ECA3F3082"
dependencies = [
  { id = "Sui", name = "Sui" },
]

[[move.package]]
id = "MoveStdlib"
source = { git = "https://github.com/MystenLabs/sui.git", rev = "framework/mainnet", subdir = "crates/sui-framework/packages/move-stdlib" }

[[move.package]]
id = "Sui"
source = { git = "https://github.com/MystenLabs/sui.git", rev = "framework/mainnet", subdir = "crates/sui-framework/packages/sui-framework" }

dependencies = [
  { id = "MoveStdlib", name = "MoveStdlib" },
]

[move.toolchain-version]
compiler-version = "1.42.1"
edition = "2024.beta"
flavor = "sui"

[env]

[env.mainnet]
chain-id = "35834a8a"
original-published-id = "0x921fb6e1c3ec786a2ec23ce1fd97edaf48b99fb288a8fdf4c0ac7062c1838980"
latest-published-id = "0x921fb6e1c3ec786a2ec23ce1fd97edaf48b99fb288a8fdf4c0ac7062c1838980"
published-version = "1"
