# @generated by Move, please check-in and do not edit manually.

[move]
version = 3
manifest_digest = "6CAA8934416EE6C7AEE1DF51346BD1D75CD73688156BBAF8FE20D1D3230CCD58"
deps_digest = "3C4103934B1E040BB6B23F1D610B4EF9F2F1166A50A104EADCF77467C004C600"
dependencies = [
  { id = "Sui", name = "Sui" },
  { id = "USDC", name = "USDC" },
]

[[move.package]]
id = "MoveStdlib"
source = { git = "https://github.com/MystenLabs/sui.git", rev = "framework/mainnet", subdir = "crates/sui-framework/packages/move-stdlib" }

[[move.package]]
id = "Sui"
source = { git = "https://github.com/MystenLabs/sui.git", rev = "framework/mainnet", subdir = "crates/sui-framework/packages/sui-framework" }

dependencies = [
  { id = "MoveStdlib", name = "MoveStdlib" },
]

[[move.package]]
id = "USDC"
source = { local = "../on_chain_deps/usdc/usdc" }

dependencies = [
  { id = "Sui", name = "Sui" },
  { id = "stablecoin", name = "stablecoin" },
  { id = "sui_extensions", name = "sui_extensions" },
]

[[move.package]]
id = "stablecoin"
source = { local = "../on_chain_deps/usdc/stablecoin" }

dependencies = [
  { id = "MoveStdlib", name = "MoveStdlib" },
  { id = "Sui", name = "Sui" },
  { id = "sui_extensions", name = "sui_extensions" },
]

[[move.package]]
id = "sui_extensions"
source = { local = "../on_chain_deps/usdc/sui_extensions" }

dependencies = [
  { id = "MoveStdlib", name = "MoveStdlib" },
  { id = "Sui", name = "Sui" },
]

[move.toolchain-version]
compiler-version = "1.38.2"
edition = "2024.beta"
flavor = "sui"

[env]

[env.mainnet]
chain-id = "35834a8a"
original-published-id = "0x657f0955881948f3f20280d5646df3c9283ae6a1556c9e259d0c96b267bfc2ab"
latest-published-id = "0x657f0955881948f3f20280d5646df3c9283ae6a1556c9e259d0c96b267bfc2ab"
published-version = "1"
